
Microsoft Visual Studio Solution File, Format Version 12.00
# Visual Studio Version 17
VisualStudioVersion = 17.6.33723.286
MinimumVisualStudioVersion = 10.0.40219.1
Project("{9A19103F-16F7-4668-BE54-9A1E7A4F7556}") = "CallaghanDev.Utilities", "CallaghanDev.Utilities\CallaghanDev.Utilities.csproj", "{30A96736-369D-4866-8093-7D4F64F438EC}"
EndProject
Project("{9A19103F-16F7-4668-BE54-9A1E7A4F7556}") = "CallaghanDev.ConsoleAppTest", "CallaghanDev.ConsoleAppTest\CallaghanDev.ConsoleAppTest.csproj", "{C6190134-5914-41A3-B1E6-C74A571F5EB4}"
EndProject
Project("{9A19103F-16F7-4668-BE54-9A1E7A4F7556}") = "CallaghanDev.XML", "CallaghanDev.XML\CallaghanDev.XML.csproj", "{D38FA27E-7FA5-44A9-90A5-CC201A9479ED}"
EndProject
Project("{9A19103F-16F7-4668-BE54-9A1E7A4F7556}") = "CallaghanDev.SeleniumWithJSON", "CallaghanDev.SeleniumWithJSON\CallaghanDev.SeleniumWithJSON.csproj", "{CB008F4C-030A-4BA0-8CAD-BBDAF4C72F32}"
EndProject
Project("{9A19103F-16F7-4668-BE54-9A1E7A4F7556}") = "CallaghanDev.Common.Tests", "CallaghanDev.Common.Tests\CallaghanDev.Common.Tests.csproj", "{1E0AAF52-0151-4060-8194-0B998F230625}"
EndProject
Project("{9A19103F-16F7-4668-BE54-9A1E7A4F7556}") = "CallaghanDev.Common.Math", "CallaghanDev.Common.Math\CallaghanDev.Common.Math.csproj", "{E69DD3D1-33E9-40C7-927D-5654637C45C6}"
EndProject
Project("{2150E333-8FDC-42A3-9474-1A3956D46DE8}") = "Tests", "Tests", "{0D01B39E-7FB1-41E9-8D8F-05AD5A030A07}"
EndProject
Global
	GlobalSection(SolutionConfigurationPlatforms) = preSolution
		Debug|Any CPU = Debug|Any CPU
		Release|Any CPU = Release|Any CPU
	EndGlobalSection
	GlobalSection(ProjectConfigurationPlatforms) = postSolution
		{30A96736-369D-4866-8093-7D4F64F438EC}.Debug|Any CPU.ActiveCfg = Debug|Any CPU
		{30A96736-369D-4866-8093-7D4F64F438EC}.Debug|Any CPU.Build.0 = Debug|Any CPU
		{30A96736-369D-4866-8093-7D4F64F438EC}.Release|Any CPU.ActiveCfg = Release|Any CPU
		{30A96736-369D-4866-8093-7D4F64F438EC}.Release|Any CPU.Build.0 = Release|Any CPU
		{C6190134-5914-41A3-B1E6-C74A571F5EB4}.Debug|Any CPU.ActiveCfg = Debug|Any CPU
		{C6190134-5914-41A3-B1E6-C74A571F5EB4}.Debug|Any CPU.Build.0 = Debug|Any CPU
		{C6190134-5914-41A3-B1E6-C74A571F5EB4}.Release|Any CPU.ActiveCfg = Release|Any CPU
		{C6190134-5914-41A3-B1E6-C74A571F5EB4}.Release|Any CPU.Build.0 = Release|Any CPU
		{D38FA27E-7FA5-44A9-90A5-CC201A9479ED}.Debug|Any CPU.ActiveCfg = Debug|Any CPU
		{D38FA27E-7FA5-44A9-90A5-CC201A9479ED}.Debug|Any CPU.Build.0 = Debug|Any CPU
		{D38FA27E-7FA5-44A9-90A5-CC201A9479ED}.Release|Any CPU.ActiveCfg = Release|Any CPU
		{D38FA27E-7FA5-44A9-90A5-CC201A9479ED}.Release|Any CPU.Build.0 = Release|Any CPU
		{CB008F4C-030A-4BA0-8CAD-BBDAF4C72F32}.Debug|Any CPU.ActiveCfg = Debug|Any CPU
		{CB008F4C-030A-4BA0-8CAD-BBDAF4C72F32}.Debug|Any CPU.Build.0 = Debug|Any CPU
		{CB008F4C-030A-4BA0-8CAD-BBDAF4C72F32}.Release|Any CPU.ActiveCfg = Release|Any CPU
		{CB008F4C-030A-4BA0-8CAD-BBDAF4C72F32}.Release|Any CPU.Build.0 = Release|Any CPU
		{1E0AAF52-0151-4060-8194-0B998F230625}.Debug|Any CPU.ActiveCfg = Debug|Any CPU
		{1E0AAF52-0151-4060-8194-0B998F230625}.Debug|Any CPU.Build.0 = Debug|Any CPU
		{1E0AAF52-0151-4060-8194-0B998F230625}.Release|Any CPU.ActiveCfg = Release|Any CPU
		{1E0AAF52-0151-4060-8194-0B998F230625}.Release|Any CPU.Build.0 = Release|Any CPU
		{E69DD3D1-33E9-40C7-927D-5654637C45C6}.Debug|Any CPU.ActiveCfg = Debug|Any CPU
		{E69DD3D1-33E9-40C7-927D-5654637C45C6}.Debug|Any CPU.Build.0 = Debug|Any CPU
		{E69DD3D1-33E9-40C7-927D-5654637C45C6}.Release|Any CPU.ActiveCfg = Release|Any CPU
		{E69DD3D1-33E9-40C7-927D-5654637C45C6}.Release|Any CPU.Build.0 = Release|Any CPU
	EndGlobalSection
	GlobalSection(SolutionProperties) = preSolution
		HideSolutionNode = FALSE
	EndGlobalSection
	GlobalSection(NestedProjects) = preSolution
		{C6190134-5914-41A3-B1E6-C74A571F5EB4} = {0D01B39E-7FB1-41E9-8D8F-05AD5A030A07}
		{1E0AAF52-0151-4060-8194-0B998F230625} = {0D01B39E-7FB1-41E9-8D8F-05AD5A030A07}
	EndGlobalSection
	GlobalSection(ExtensibilityGlobals) = postSolution
		SolutionGuid = {9363BE8F-6301-4E13-BC35-8D0E367B5C92}
	EndGlobalSection
EndGlobal
